
Microsoft Visual Studio Solution File, Format Version 12.00
# Visual Studio Version 16
VisualStudioVersion = 16.0.30523.141
MinimumVisualStudioVersion = 10.0.40219.1
Project("{9A19103F-16F7-4668-BE54-9A1E7A4F7556}") = "IFCConvertoLibrary", "IFCConvertoLibrary\IFCConvertoLibrary.csproj", "{04E213FB-3E6D-4869-B388-EF76DA36107C}"
EndProject
Global
	GlobalSection(SolutionConfigurationPlatforms) = preSolution
		Debug|Any CPU = Debug|Any CPU
		Debug|x64 = Debug|x64
		Debug|x86 = Debug|x86
		Release|Any CPU = Release|Any CPU
		Release|x64 = Release|x64
		Release|x86 = Release|x86
	EndGlobalSection
	GlobalSection(ProjectConfigurationPlatforms) = postSolution
		{04E213FB-3E6D-4869-B388-EF76DA36107C}.Debug|Any CPU.ActiveCfg = Debug|Any CPU
		{04E213FB-3E6D-4869-B388-EF76DA36107C}.Debug|Any CPU.Build.0 = Debug|Any CPU
		{04E213FB-3E6D-4869-B388-EF76DA36107C}.Debug|x64.ActiveCfg = Debug|x64
		{04E213FB-3E6D-4869-B388-EF76DA36107C}.Debug|x64.Build.0 = Debug|x64
		{04E213FB-3E6D-4869-B388-EF76DA36107C}.Debug|x86.ActiveCfg = Debug|x86
		{04E213FB-3E6D-4869-B388-EF76DA36107C}.Debug|x86.Build.0 = Debug|x86
		{04E213FB-3E6D-4869-B388-EF76DA36107C}.Release|Any CPU.ActiveCfg = Release|Any CPU
		{04E213FB-3E6D-4869-B388-EF76DA36107C}.Release|Any CPU.Build.0 = Release|Any CPU
		{04E213FB-3E6D-4869-B388-EF76DA36107C}.Release|x64.ActiveCfg = Release|x64
		{04E213FB-3E6D-4869-B388-EF76DA36107C}.Release|x64.Build.0 = Release|x64
		{04E213FB-3E6D-4869-B388-EF76DA36107C}.Release|x86.ActiveCfg = Release|x86
		{04E213FB-3E6D-4869-B388-EF76DA36107C}.Release|x86.Build.0 = Release|x86
	EndGlobalSection
	GlobalSection(SolutionProperties) = preSolution
		HideSolutionNode = FALSE
	EndGlobalSection
	GlobalSection(ExtensibilityGlobals) = postSolution
		SolutionGuid = {3295C0BF-521F-438E-9A84-176866231804}
	EndGlobalSection
EndGlobal
